// !$*UTF8*$!
{
	archiveVersion = 1;
	classes = {
	};
	objectVersion = 55;
	objects = {

/* Begin PBXBuildFile section */
		DF0736AC27906F3F006674C1 /* Model.xcdatamodeld in Sources */ = {isa = PBXBuildFile; fileRef = DF0736AA27906F3F006674C1 /* Model.xcdatamodeld */; };
		DF0736AE27906FD9006674C1 /* RankViewController.swift in Sources */ = {isa = PBXBuildFile; fileRef = DF0736AD27906FD9006674C1 /* RankViewController.swift */; };
		DF0736B027907002006674C1 /* ShopViewController.swift in Sources */ = {isa = PBXBuildFile; fileRef = DF0736AF27907002006674C1 /* ShopViewController.swift */; };
		DF4BEFFD2791E0AC00417000 /* PauseView.swift in Sources */ = {isa = PBXBuildFile; fileRef = DF4BEFFC2791E0AC00417000 /* PauseView.swift */; };
		DF4BF0042795CDD200417000 /* ShopCollectionViewCell.swift in Sources */ = {isa = PBXBuildFile; fileRef = DF4BF0032795CDD200417000 /* ShopCollectionViewCell.swift */; };
		DF4BF0092796EA3800417000 /* ManagerGameCenter.swift in Sources */ = {isa = PBXBuildFile; fileRef = DF4BF0082796EA3800417000 /* ManagerGameCenter.swift */; };
		DF4BF00B2797238800417000 /* EndGameView.swift in Sources */ = {isa = PBXBuildFile; fileRef = DF4BF00A2797238800417000 /* EndGameView.swift */; };
		DF4BF00E279729FE00417000 /* GameKit.framework in Frameworks */ = {isa = PBXBuildFile; fileRef = DF4BF00D279729FE00417000 /* GameKit.framework */; };
		DF4DAA0C279094D400FA4367 /* ItemRepository.swift in Sources */ = {isa = PBXBuildFile; fileRef = DF4DAA0B279094D400FA4367 /* ItemRepository.swift */; };
		DF4DAA0F2790966700FA4367 /* IceCreamBall.swift in Sources */ = {isa = PBXBuildFile; fileRef = DF4DAA0E2790966700FA4367 /* IceCreamBall.swift */; };
		DFD26683278F1B84006B2551 /* AppDelegate.swift in Sources */ = {isa = PBXBuildFile; fileRef = DFD26682278F1B84006B2551 /* AppDelegate.swift */; };
		DFD26685278F1B84006B2551 /* GameScene.sks in Resources */ = {isa = PBXBuildFile; fileRef = DFD26684278F1B84006B2551 /* GameScene.sks */; };
		DFD26689278F1B84006B2551 /* GameScene.swift in Sources */ = {isa = PBXBuildFile; fileRef = DFD26688278F1B84006B2551 /* GameScene.swift */; };
		DFD2668B278F1B84006B2551 /* GameViewController.swift in Sources */ = {isa = PBXBuildFile; fileRef = DFD2668A278F1B84006B2551 /* GameViewController.swift */; };
		DFD2668E278F1B84006B2551 /* Main.storyboard in Resources */ = {isa = PBXBuildFile; fileRef = DFD2668C278F1B84006B2551 /* Main.storyboard */; };
		DFD26690278F1B85006B2551 /* Assets.xcassets in Resources */ = {isa = PBXBuildFile; fileRef = DFD2668F278F1B85006B2551 /* Assets.xcassets */; };
		DFD26693278F1B85006B2551 /* LaunchScreen.storyboard in Resources */ = {isa = PBXBuildFile; fileRef = DFD26691278F1B85006B2551 /* LaunchScreen.storyboard */; };
		DFF599552790618200BFD833 /* MenuViewController.swift in Sources */ = {isa = PBXBuildFile; fileRef = DFF599542790618200BFD833 /* MenuViewController.swift */; };
		DFF599582790639800BFD833 /* Shrikhand-Regular.ttf in Resources */ = {isa = PBXBuildFile; fileRef = DFF599572790639800BFD833 /* Shrikhand-Regular.ttf */; };
/* End PBXBuildFile section */

/* Begin PBXFileReference section */
		DF0736AB27906F3F006674C1 /* Model.xcdatamodel */ = {isa = PBXFileReference; lastKnownFileType = wrapper.xcdatamodel; path = Model.xcdatamodel; sourceTree = "<group>"; };
		DF0736AD27906FD9006674C1 /* RankViewController.swift */ = {isa = PBXFileReference; lastKnownFileType = sourcecode.swift; path = RankViewController.swift; sourceTree = "<group>"; };
		DF0736AF27907002006674C1 /* ShopViewController.swift */ = {isa = PBXFileReference; lastKnownFileType = sourcecode.swift; path = ShopViewController.swift; sourceTree = "<group>"; };
		DF4BEFFC2791E0AC00417000 /* PauseView.swift */ = {isa = PBXFileReference; lastKnownFileType = sourcecode.swift; path = PauseView.swift; sourceTree = "<group>"; };
		DF4BF0032795CDD200417000 /* ShopCollectionViewCell.swift */ = {isa = PBXFileReference; lastKnownFileType = sourcecode.swift; path = ShopCollectionViewCell.swift; sourceTree = "<group>"; };
		DF4BF0082796EA3800417000 /* ManagerGameCenter.swift */ = {isa = PBXFileReference; lastKnownFileType = sourcecode.swift; path = ManagerGameCenter.swift; sourceTree = "<group>"; };
		DF4BF00A2797238800417000 /* EndGameView.swift */ = {isa = PBXFileReference; lastKnownFileType = sourcecode.swift; path = EndGameView.swift; sourceTree = "<group>"; };
		DF4BF00D279729FE00417000 /* GameKit.framework */ = {isa = PBXFileReference; lastKnownFileType = wrapper.framework; name = GameKit.framework; path = System/Library/Frameworks/GameKit.framework; sourceTree = SDKROOT; };
		DF4DAA0B279094D400FA4367 /* ItemRepository.swift */ = {isa = PBXFileReference; lastKnownFileType = sourcecode.swift; path = ItemRepository.swift; sourceTree = "<group>"; };
		DF4DAA0E2790966700FA4367 /* IceCreamBall.swift */ = {isa = PBXFileReference; lastKnownFileType = sourcecode.swift; path = IceCreamBall.swift; sourceTree = "<group>"; };
		DFD2667F278F1B84006B2551 /* CreamTower.app */ = {isa = PBXFileReference; explicitFileType = wrapper.application; includeInIndex = 0; path = CreamTower.app; sourceTree = BUILT_PRODUCTS_DIR; };
		DFD26682278F1B84006B2551 /* AppDelegate.swift */ = {isa = PBXFileReference; lastKnownFileType = sourcecode.swift; path = AppDelegate.swift; sourceTree = "<group>"; };
		DFD26684278F1B84006B2551 /* GameScene.sks */ = {isa = PBXFileReference; lastKnownFileType = file.sks; path = GameScene.sks; sourceTree = "<group>"; };
		DFD26688278F1B84006B2551 /* GameScene.swift */ = {isa = PBXFileReference; lastKnownFileType = sourcecode.swift; path = GameScene.swift; sourceTree = "<group>"; };
		DFD2668A278F1B84006B2551 /* GameViewController.swift */ = {isa = PBXFileReference; lastKnownFileType = sourcecode.swift; path = GameViewController.swift; sourceTree = "<group>"; };
		DFD2668D278F1B84006B2551 /* Base */ = {isa = PBXFileReference; lastKnownFileType = file.storyboard; name = Base; path = Base.lproj/Main.storyboard; sourceTree = "<group>"; };
		DFD2668F278F1B85006B2551 /* Assets.xcassets */ = {isa = PBXFileReference; lastKnownFileType = folder.assetcatalog; path = Assets.xcassets; sourceTree = "<group>"; };
		DFD26692278F1B85006B2551 /* Base */ = {isa = PBXFileReference; lastKnownFileType = file.storyboard; name = Base; path = Base.lproj/LaunchScreen.storyboard; sourceTree = "<group>"; };
		DFF599542790618200BFD833 /* MenuViewController.swift */ = {isa = PBXFileReference; lastKnownFileType = sourcecode.swift; path = MenuViewController.swift; sourceTree = "<group>"; };
		DFF599572790639800BFD833 /* Shrikhand-Regular.ttf */ = {isa = PBXFileReference; lastKnownFileType = file; path = "Shrikhand-Regular.ttf"; sourceTree = "<group>"; };
		DFF599592790650F00BFD833 /* Info.plist */ = {isa = PBXFileReference; lastKnownFileType = text.plist; path = Info.plist; sourceTree = "<group>"; };
/* End PBXFileReference section */

/* Begin PBXFrameworksBuildPhase section */
		DFD2667C278F1B84006B2551 /* Frameworks */ = {
			isa = PBXFrameworksBuildPhase;
			buildActionMask = 2147483647;
			files = (
				DF4BF00E279729FE00417000 /* GameKit.framework in Frameworks */,
			);
			runOnlyForDeploymentPostprocessing = 0;
		};
/* End PBXFrameworksBuildPhase section */

/* Begin PBXGroup section */
		DF4BEFFB2791E08400417000 /* Views */ = {
			isa = PBXGroup;
			children = (
				DF4BEFFC2791E0AC00417000 /* PauseView.swift */,
				DF4BF00A2797238800417000 /* EndGameView.swift */,
			);
			path = Views;
			sourceTree = "<group>";
		};
		DF4BF0022795CD9800417000 /* Cells */ = {
			isa = PBXGroup;
			children = (
				DF4BF0032795CDD200417000 /* ShopCollectionViewCell.swift */,
			);
			path = Cells;
			sourceTree = "<group>";
		};
		DF4BF0072796EA2300417000 /* Game Center */ = {
			isa = PBXGroup;
			children = (
				DF4BF0082796EA3800417000 /* ManagerGameCenter.swift */,
			);
			path = "Game Center";
			sourceTree = "<group>";
		};
		DF4BF00C279729FE00417000 /* Frameworks */ = {
			isa = PBXGroup;
			children = (
				DF4BF00D279729FE00417000 /* GameKit.framework */,
			);
			name = Frameworks;
			sourceTree = "<group>";
		};
		DF4DAA0A279094BC00FA4367 /* CoreData */ = {
			isa = PBXGroup;
			children = (
				DF4DAA0B279094D400FA4367 /* ItemRepository.swift */,
			);
			path = CoreData;
			sourceTree = "<group>";
		};
		DF4DAA0D2790964800FA4367 /* GameLogic */ = {
			isa = PBXGroup;
			children = (
				DFD26688278F1B84006B2551 /* GameScene.swift */,
				DF4DAA0E2790966700FA4367 /* IceCreamBall.swift */,
			);
			path = GameLogic;
			sourceTree = "<group>";
		};
		DFD26676278F1B84006B2551 = {
			isa = PBXGroup;
			children = (
				DFD26681278F1B84006B2551 /* CreamTower */,
				DFD26680278F1B84006B2551 /* Products */,
				DF4BF00C279729FE00417000 /* Frameworks */,
			);
			sourceTree = "<group>";
		};
		DFD26680278F1B84006B2551 /* Products */ = {
			isa = PBXGroup;
			children = (
				DFD2667F278F1B84006B2551 /* CreamTower.app */,
			);
			name = Products;
			sourceTree = "<group>";
		};
		DFD26681278F1B84006B2551 /* CreamTower */ = {
			isa = PBXGroup;
			children = (
				DF4BF0072796EA2300417000 /* Game Center */,
				DF4BF0022795CD9800417000 /* Cells */,
				DF4BEFFB2791E08400417000 /* Views */,
				DF4DAA0D2790964800FA4367 /* GameLogic */,
				DF4DAA0A279094BC00FA4367 /* CoreData */,
				DFF599592790650F00BFD833 /* Info.plist */,
				DFF599562790637300BFD833 /* Fonts */,
				DFF599532790613400BFD833 /* Screens */,
				DFD26682278F1B84006B2551 /* AppDelegate.swift */,
				DFD26684278F1B84006B2551 /* GameScene.sks */,
				DFD2668C278F1B84006B2551 /* Main.storyboard */,
				DFD2668F278F1B85006B2551 /* Assets.xcassets */,
				DFD26691278F1B85006B2551 /* LaunchScreen.storyboard */,
				DF0736AA27906F3F006674C1 /* Model.xcdatamodeld */,
			);
			path = CreamTower;
			sourceTree = "<group>";
		};
		DFF599532790613400BFD833 /* Screens */ = {
			isa = PBXGroup;
			children = (
				DFD2668A278F1B84006B2551 /* GameViewController.swift */,
				DFF599542790618200BFD833 /* MenuViewController.swift */,
				DF0736AD27906FD9006674C1 /* RankViewController.swift */,
				DF0736AF27907002006674C1 /* ShopViewController.swift */,
			);
			path = Screens;
			sourceTree = "<group>";
		};
		DFF599562790637300BFD833 /* Fonts */ = {
			isa = PBXGroup;
			children = (
				DFF599572790639800BFD833 /* Shrikhand-Regular.ttf */,
			);
			path = Fonts;
			sourceTree = "<group>";
		};
/* End PBXGroup section */

/* Begin PBXNativeTarget section */
		DFD2667E278F1B84006B2551 /* CreamTower */ = {
			isa = PBXNativeTarget;
			buildConfigurationList = DFD26696278F1B85006B2551 /* Build configuration list for PBXNativeTarget "CreamTower" */;
			buildPhases = (
				DFD2667B278F1B84006B2551 /* Sources */,
				DFD2667C278F1B84006B2551 /* Frameworks */,
				DFD2667D278F1B84006B2551 /* Resources */,
			);
			buildRules = (
			);
			dependencies = (
			);
			name = CreamTower;
			productName = CreamTower;
			productReference = DFD2667F278F1B84006B2551 /* CreamTower.app */;
			productType = "com.apple.product-type.application";
		};
/* End PBXNativeTarget section */

/* Begin PBXProject section */
		DFD26677278F1B84006B2551 /* Project object */ = {
			isa = PBXProject;
			attributes = {
				BuildIndependentTargetsInParallel = 1;
				LastSwiftUpdateCheck = 1320;
				LastUpgradeCheck = 1320;
				TargetAttributes = {
					DFD2667E278F1B84006B2551 = {
						CreatedOnToolsVersion = 13.2;
					};
				};
			};
			buildConfigurationList = DFD2667A278F1B84006B2551 /* Build configuration list for PBXProject "CreamTower" */;
			compatibilityVersion = "Xcode 13.0";
			developmentRegion = en;
			hasScannedForEncodings = 0;
			knownRegions = (
				en,
				Base,
			);
			mainGroup = DFD26676278F1B84006B2551;
			productRefGroup = DFD26680278F1B84006B2551 /* Products */;
			projectDirPath = "";
			projectRoot = "";
			targets = (
				DFD2667E278F1B84006B2551 /* CreamTower */,
			);
		};
/* End PBXProject section */

/* Begin PBXResourcesBuildPhase section */
		DFD2667D278F1B84006B2551 /* Resources */ = {
			isa = PBXResourcesBuildPhase;
			buildActionMask = 2147483647;
			files = (
				DFF599582790639800BFD833 /* Shrikhand-Regular.ttf in Resources */,
				DFD2668E278F1B84006B2551 /* Main.storyboard in Resources */,
				DFD26685278F1B84006B2551 /* GameScene.sks in Resources */,
				DFD26690278F1B85006B2551 /* Assets.xcassets in Resources */,
				DFD26693278F1B85006B2551 /* LaunchScreen.storyboard in Resources */,
			);
			runOnlyForDeploymentPostprocessing = 0;
		};
/* End PBXResourcesBuildPhase section */

/* Begin PBXSourcesBuildPhase section */
		DFD2667B278F1B84006B2551 /* Sources */ = {
			isa = PBXSourcesBuildPhase;
			buildActionMask = 2147483647;
			files = (
				DFD26689278F1B84006B2551 /* GameScene.swift in Sources */,
				DF4BF00B2797238800417000 /* EndGameView.swift in Sources */,
				DFD2668B278F1B84006B2551 /* GameViewController.swift in Sources */,
				DF0736AE27906FD9006674C1 /* RankViewController.swift in Sources */,
				DF4DAA0F2790966700FA4367 /* IceCreamBall.swift in Sources */,
				DF4BF0092796EA3800417000 /* ManagerGameCenter.swift in Sources */,
				DF4DAA0C279094D400FA4367 /* ItemRepository.swift in Sources */,
				DF4BF0042795CDD200417000 /* ShopCollectionViewCell.swift in Sources */,
				DF0736AC27906F3F006674C1 /* Model.xcdatamodeld in Sources */,
				DFD26683278F1B84006B2551 /* AppDelegate.swift in Sources */,
				DF4BEFFD2791E0AC00417000 /* PauseView.swift in Sources */,
				DF0736B027907002006674C1 /* ShopViewController.swift in Sources */,
				DFF599552790618200BFD833 /* MenuViewController.swift in Sources */,
			);
			runOnlyForDeploymentPostprocessing = 0;
		};
/* End PBXSourcesBuildPhase section */

/* Begin PBXVariantGroup section */
		DFD2668C278F1B84006B2551 /* Main.storyboard */ = {
			isa = PBXVariantGroup;
			children = (
				DFD2668D278F1B84006B2551 /* Base */,
			);
			name = Main.storyboard;
			sourceTree = "<group>";
		};
		DFD26691278F1B85006B2551 /* LaunchScreen.storyboard */ = {
			isa = PBXVariantGroup;
			children = (
				DFD26692278F1B85006B2551 /* Base */,
			);
			name = LaunchScreen.storyboard;
			sourceTree = "<group>";
		};
/* End PBXVariantGroup section */

/* Begin XCBuildConfiguration section */
		DFD26694278F1B85006B2551 /* Debug */ = {
			isa = XCBuildConfiguration;
			buildSettings = {
				ALWAYS_SEARCH_USER_PATHS = NO;
				CLANG_ANALYZER_NONNULL = YES;
				CLANG_ANALYZER_NUMBER_OBJECT_CONVERSION = YES_AGGRESSIVE;
				CLANG_CXX_LANGUAGE_STANDARD = "gnu++17";
				CLANG_CXX_LIBRARY = "libc++";
				CLANG_ENABLE_MODULES = YES;
				CLANG_ENABLE_OBJC_ARC = YES;
				CLANG_ENABLE_OBJC_WEAK = YES;
				CLANG_WARN_BLOCK_CAPTURE_AUTORELEASING = YES;
				CLANG_WARN_BOOL_CONVERSION = YES;
				CLANG_WARN_COMMA = YES;
				CLANG_WARN_CONSTANT_CONVERSION = YES;
				CLANG_WARN_DEPRECATED_OBJC_IMPLEMENTATIONS = YES;
				CLANG_WARN_DIRECT_OBJC_ISA_USAGE = YES_ERROR;
				CLANG_WARN_DOCUMENTATION_COMMENTS = YES;
				CLANG_WARN_EMPTY_BODY = YES;
				CLANG_WARN_ENUM_CONVERSION = YES;
				CLANG_WARN_INFINITE_RECURSION = YES;
				CLANG_WARN_INT_CONVERSION = YES;
				CLANG_WARN_NON_LITERAL_NULL_CONVERSION = YES;
				CLANG_WARN_OBJC_IMPLICIT_RETAIN_SELF = YES;
				CLANG_WARN_OBJC_LITERAL_CONVERSION = YES;
				CLANG_WARN_OBJC_ROOT_CLASS = YES_ERROR;
				CLANG_WARN_QUOTED_INCLUDE_IN_FRAMEWORK_HEADER = YES;
				CLANG_WARN_RANGE_LOOP_ANALYSIS = YES;
				CLANG_WARN_STRICT_PROTOTYPES = YES;
				CLANG_WARN_SUSPICIOUS_MOVE = YES;
				CLANG_WARN_UNGUARDED_AVAILABILITY = YES_AGGRESSIVE;
				CLANG_WARN_UNREACHABLE_CODE = YES;
				CLANG_WARN__DUPLICATE_METHOD_MATCH = YES;
				COPY_PHASE_STRIP = NO;
				DEBUG_INFORMATION_FORMAT = dwarf;
				ENABLE_STRICT_OBJC_MSGSEND = YES;
				ENABLE_TESTABILITY = YES;
				GCC_C_LANGUAGE_STANDARD = gnu11;
				GCC_DYNAMIC_NO_PIC = NO;
				GCC_NO_COMMON_BLOCKS = YES;
				GCC_OPTIMIZATION_LEVEL = 0;
				GCC_PREPROCESSOR_DEFINITIONS = (
					"DEBUG=1",
					"$(inherited)",
				);
				GCC_WARN_64_TO_32_BIT_CONVERSION = YES;
				GCC_WARN_ABOUT_RETURN_TYPE = YES_ERROR;
				GCC_WARN_UNDECLARED_SELECTOR = YES;
				GCC_WARN_UNINITIALIZED_AUTOS = YES_AGGRESSIVE;
				GCC_WARN_UNUSED_FUNCTION = YES;
				GCC_WARN_UNUSED_VARIABLE = YES;
				IPHONEOS_DEPLOYMENT_TARGET = 15.2;
				MTL_ENABLE_DEBUG_INFO = INCLUDE_SOURCE;
				MTL_FAST_MATH = YES;
				ONLY_ACTIVE_ARCH = YES;
				SDKROOT = iphoneos;
				SWIFT_ACTIVE_COMPILATION_CONDITIONS = DEBUG;
				SWIFT_OPTIMIZATION_LEVEL = "-Onone";
			};
			name = Debug;
		};
		DFD26695278F1B85006B2551 /* Release */ = {
			isa = XCBuildConfiguration;
			buildSettings = {
				ALWAYS_SEARCH_USER_PATHS = NO;
				CLANG_ANALYZER_NONNULL = YES;
				CLANG_ANALYZER_NUMBER_OBJECT_CONVERSION = YES_AGGRESSIVE;
				CLANG_CXX_LANGUAGE_STANDARD = "gnu++17";
				CLANG_CXX_LIBRARY = "libc++";
				CLANG_ENABLE_MODULES = YES;
				CLANG_ENABLE_OBJC_ARC = YES;
				CLANG_ENABLE_OBJC_WEAK = YES;
				CLANG_WARN_BLOCK_CAPTURE_AUTORELEASING = YES;
				CLANG_WARN_BOOL_CONVERSION = YES;
				CLANG_WARN_COMMA = YES;
				CLANG_WARN_CONSTANT_CONVERSION = YES;
				CLANG_WARN_DEPRECATED_OBJC_IMPLEMENTATIONS = YES;
				CLANG_WARN_DIRECT_OBJC_ISA_USAGE = YES_ERROR;
				CLANG_WARN_DOCUMENTATION_COMMENTS = YES;
				CLANG_WARN_EMPTY_BODY = YES;
				CLANG_WARN_ENUM_CONVERSION = YES;
				CLANG_WARN_INFINITE_RECURSION = YES;
				CLANG_WARN_INT_CONVERSION = YES;
				CLANG_WARN_NON_LITERAL_NULL_CONVERSION = YES;
				CLANG_WARN_OBJC_IMPLICIT_RETAIN_SELF = YES;
				CLANG_WARN_OBJC_LITERAL_CONVERSION = YES;
				CLANG_WARN_OBJC_ROOT_CLASS = YES_ERROR;
				CLANG_WARN_QUOTED_INCLUDE_IN_FRAMEWORK_HEADER = YES;
				CLANG_WARN_RANGE_LOOP_ANALYSIS = YES;
				CLANG_WARN_STRICT_PROTOTYPES = YES;
				CLANG_WARN_SUSPICIOUS_MOVE = YES;
				CLANG_WARN_UNGUARDED_AVAILABILITY = YES_AGGRESSIVE;
				CLANG_WARN_UNREACHABLE_CODE = YES;
				CLANG_WARN__DUPLICATE_METHOD_MATCH = YES;
				COPY_PHASE_STRIP = NO;
				DEBUG_INFORMATION_FORMAT = "dwarf-with-dsym";
				ENABLE_NS_ASSERTIONS = NO;
				ENABLE_STRICT_OBJC_MSGSEND = YES;
				GCC_C_LANGUAGE_STANDARD = gnu11;
				GCC_NO_COMMON_BLOCKS = YES;
				GCC_WARN_64_TO_32_BIT_CONVERSION = YES;
				GCC_WARN_ABOUT_RETURN_TYPE = YES_ERROR;
				GCC_WARN_UNDECLARED_SELECTOR = YES;
				GCC_WARN_UNINITIALIZED_AUTOS = YES_AGGRESSIVE;
				GCC_WARN_UNUSED_FUNCTION = YES;
				GCC_WARN_UNUSED_VARIABLE = YES;
				IPHONEOS_DEPLOYMENT_TARGET = 15.2;
				MTL_ENABLE_DEBUG_INFO = NO;
				MTL_FAST_MATH = YES;
				SDKROOT = iphoneos;
				SWIFT_COMPILATION_MODE = wholemodule;
				SWIFT_OPTIMIZATION_LEVEL = "-O";
				VALIDATE_PRODUCT = YES;
			};
			name = Release;
		};
		DFD26697278F1B85006B2551 /* Debug */ = {
			isa = XCBuildConfiguration;
			buildSettings = {
				ASSETCATALOG_COMPILER_APPICON_NAME = AppIcon;
				ASSETCATALOG_COMPILER_GLOBAL_ACCENT_COLOR_NAME = AccentColor;
				CODE_SIGN_STYLE = Automatic;
				CURRENT_PROJECT_VERSION = 1;
				DEVELOPMENT_TEAM = TX88D8XM39;
				GENERATE_INFOPLIST_FILE = YES;
				INFOPLIST_FILE = CreamTower/Info.plist;
				INFOPLIST_KEY_UIApplicationSupportsIndirectInputEvents = YES;
				INFOPLIST_KEY_UILaunchStoryboardName = LaunchScreen;
				INFOPLIST_KEY_UIMainStoryboardFile = Main;
				INFOPLIST_KEY_UIRequiredDeviceCapabilities = gamekit;
				INFOPLIST_KEY_UIStatusBarHidden = YES;
				INFOPLIST_KEY_UISupportedInterfaceOrientations = UIInterfaceOrientationPortrait;
				INFOPLIST_KEY_UISupportedInterfaceOrientations_iPad = "UIInterfaceOrientationPortrait UIInterfaceOrientationPortraitUpsideDown UIInterfaceOrientationLandscapeLeft UIInterfaceOrientationLandscapeRight";
				INFOPLIST_KEY_UISupportedInterfaceOrientations_iPhone = UIInterfaceOrientationPortrait;
				IPHONEOS_DEPLOYMENT_TARGET = 14.0;
				LD_RUNPATH_SEARCH_PATHS = (
					"$(inherited)",
					"@executable_path/Frameworks",
				);
				MARKETING_VERSION = 1.0;
				PRODUCT_BUNDLE_IDENTIFIER = lucaHummel.CreamTower;
				PRODUCT_NAME = "$(TARGET_NAME)";
				SWIFT_EMIT_LOC_STRINGS = YES;
				SWIFT_VERSION = 5.0;
				TARGETED_DEVICE_FAMILY = "1,2";
			};
			name = Debug;
		};
		DFD26698278F1B85006B2551 /* Release */ = {
			isa = XCBuildConfiguration;
			buildSettings = {
				ASSETCATALOG_COMPILER_APPICON_NAME = AppIcon;
				ASSETCATALOG_COMPILER_GLOBAL_ACCENT_COLOR_NAME = AccentColor;
				CODE_SIGN_STYLE = Automatic;
				CURRENT_PROJECT_VERSION = 1;
				DEVELOPMENT_TEAM = TX88D8XM39;
				GENERATE_INFOPLIST_FILE = YES;
				INFOPLIST_FILE = CreamTower/Info.plist;
				INFOPLIST_KEY_UIApplicationSupportsIndirectInputEvents = YES;
				INFOPLIST_KEY_UILaunchStoryboardName = LaunchScreen;
				INFOPLIST_KEY_UIMainStoryboardFile = Main;
				INFOPLIST_KEY_UIRequiredDeviceCapabilities = gamekit;
				INFOPLIST_KEY_UIStatusBarHidden = YES;
				INFOPLIST_KEY_UISupportedInterfaceOrientations = UIInterfaceOrientationPortrait;
				INFOPLIST_KEY_UISupportedInterfaceOrientations_iPad = "UIInterfaceOrientationPortrait UIInterfaceOrientationPortraitUpsideDown UIInterfaceOrientationLandscapeLeft UIInterfaceOrientationLandscapeRight";
				INFOPLIST_KEY_UISupportedInterfaceOrientations_iPhone = UIInterfaceOrientationPortrait;
				IPHONEOS_DEPLOYMENT_TARGET = 14.0;
				LD_RUNPATH_SEARCH_PATHS = (
					"$(inherited)",
					"@executable_path/Frameworks",
				);
				MARKETING_VERSION = 1.0;
				PRODUCT_BUNDLE_IDENTIFIER = lucaHummel.CreamTower;
				PRODUCT_NAME = "$(TARGET_NAME)";
				SWIFT_EMIT_LOC_STRINGS = YES;
				SWIFT_VERSION = 5.0;
				TARGETED_DEVICE_FAMILY = "1,2";
			};
			name = Release;
		};
/* End XCBuildConfiguration section */

/* Begin XCConfigurationList section */
		DFD2667A278F1B84006B2551 /* Build configuration list for PBXProject "CreamTower" */ = {
			isa = XCConfigurationList;
			buildConfigurations = (
				DFD26694278F1B85006B2551 /* Debug */,
				DFD26695278F1B85006B2551 /* Release */,
			);
			defaultConfigurationIsVisible = 0;
			defaultConfigurationName = Release;
		};
		DFD26696278F1B85006B2551 /* Build configuration list for PBXNativeTarget "CreamTower" */ = {
			isa = XCConfigurationList;
			buildConfigurations = (
				DFD26697278F1B85006B2551 /* Debug */,
				DFD26698278F1B85006B2551 /* Release */,
			);
			defaultConfigurationIsVisible = 0;
			defaultConfigurationName = Release;
		};
/* End XCConfigurationList section */

/* Begin XCVersionGroup section */
		DF0736AA27906F3F006674C1 /* Model.xcdatamodeld */ = {
			isa = XCVersionGroup;
			children = (
				DF0736AB27906F3F006674C1 /* Model.xcdatamodel */,
			);
			currentVersion = DF0736AB27906F3F006674C1 /* Model.xcdatamodel */;
			path = Model.xcdatamodeld;
			sourceTree = "<group>";
			versionGroupType = wrapper.xcdatamodel;
		};
/* End XCVersionGroup section */
	};
	rootObject = DFD26677278F1B84006B2551 /* Project object */;
}
